
Microsoft Visual Studio Solution File, Format Version 12.00
# Visual Studio Version 17
VisualStudioVersion = 17.14.36221.1 d17.14
MinimumVisualStudioVersion = 10.0.40219.1
Project("{FAE04EC0-301F-11D3-BF4B-00C04F79EFBC}") = "Laba1", "Laba1\Laba1.csproj", "{3508D44A-4888-41AB-BD06-E7A05514DFA3}"
EndProject
Global
	GlobalSection(SolutionConfigurationPlatforms) = preSolution
		Debug|Any CPU = Debug|Any CPU
		Release|Any CPU = Release|Any CPU
	EndGlobalSection
	GlobalSection(ProjectConfigurationPlatforms) = postSolution
		{3508D44A-4888-41AB-BD06-E7A05514DFA3}.Debug|Any CPU.ActiveCfg = Debug|Any CPU
		{3508D44A-4888-41AB-BD06-E7A05514DFA3}.Debug|Any CPU.Build.0 = Debug|Any CPU
		{3508D44A-4888-41AB-BD06-E7A05514DFA3}.Release|Any CPU.ActiveCfg = Release|Any CPU
		{3508D44A-4888-41AB-BD06-E7A05514DFA3}.Release|Any CPU.Build.0 = Release|Any CPU
	EndGlobalSection
	GlobalSection(SolutionProperties) = preSolution
		HideSolutionNode = FALSE
	EndGlobalSection
	GlobalSection(ExtensibilityGlobals) = postSolution
		SolutionGuid = {51C58BF6-8FDB-45E9-B2CC-96ABD0B5C74D}
	EndGlobalSection
EndGlobal
